
Microsoft Visual Studio Solution File, Format Version 12.00
# Visual Studio Version 17
VisualStudioVersion = 17.14.36327.8 d17.14
MinimumVisualStudioVersion = 10.0.40219.1
Project("{FAE04EC0-301F-11D3-BF4B-00C04F79EFBC}") = "ECommerceSystem", "ECommerceSystem\ECommerceSystem.csproj", "{1F5989A7-A00A-4CE5-A592-CC64D982A005}"
EndProject
Project("{FAE04EC0-301F-11D3-BF4B-00C04F79EFBC}") = "LibrarySystem", "LibrarySystem\LibrarySystem.csproj", "{CF672B67-CA8E-4308-99DB-9D6D33CE478D}"
EndProject
Project("{FAE04EC0-301F-11D3-BF4B-00C04F79EFBC}") = "HealthCareSystem", "HealthCareSystem\HealthCareSystem.csproj", "{4047CF26-8A87-454F-A819-9BE35F3F4B04}"
EndProject
Global
	GlobalSection(SolutionConfigurationPlatforms) = preSolution
		Debug|Any CPU = Debug|Any CPU
		Release|Any CPU = Release|Any CPU
	EndGlobalSection
	GlobalSection(ProjectConfigurationPlatforms) = postSolution
		{1F5989A7-A00A-4CE5-A592-CC64D982A005}.Debug|Any CPU.ActiveCfg = Debug|Any CPU
		{1F5989A7-A00A-4CE5-A592-CC64D982A005}.Debug|Any CPU.Build.0 = Debug|Any CPU
		{1F5989A7-A00A-4CE5-A592-CC64D982A005}.Release|Any CPU.ActiveCfg = Release|Any CPU
		{1F5989A7-A00A-4CE5-A592-CC64D982A005}.Release|Any CPU.Build.0 = Release|Any CPU
		{CF672B67-CA8E-4308-99DB-9D6D33CE478D}.Debug|Any CPU.ActiveCfg = Debug|Any CPU
		{CF672B67-CA8E-4308-99DB-9D6D33CE478D}.Debug|Any CPU.Build.0 = Debug|Any CPU
		{CF672B67-CA8E-4308-99DB-9D6D33CE478D}.Release|Any CPU.ActiveCfg = Release|Any CPU
		{CF672B67-CA8E-4308-99DB-9D6D33CE478D}.Release|Any CPU.Build.0 = Release|Any CPU
		{4047CF26-8A87-454F-A819-9BE35F3F4B04}.Debug|Any CPU.ActiveCfg = Debug|Any CPU
		{4047CF26-8A87-454F-A819-9BE35F3F4B04}.Debug|Any CPU.Build.0 = Debug|Any CPU
		{4047CF26-8A87-454F-A819-9BE35F3F4B04}.Release|Any CPU.ActiveCfg = Release|Any CPU
		{4047CF26-8A87-454F-A819-9BE35F3F4B04}.Release|Any CPU.Build.0 = Release|Any CPU
	EndGlobalSection
	GlobalSection(SolutionProperties) = preSolution
		HideSolutionNode = FALSE
	EndGlobalSection
	GlobalSection(ExtensibilityGlobals) = postSolution
		SolutionGuid = {877437E3-C017-4D94-BE08-6A81EC75ABF1}
	EndGlobalSection
EndGlobal
